
Microsoft Visual Studio Solution File, Format Version 12.00
# Visual Studio 15
Project("{FAE04EC0-301F-11D3-BF4B-00C04F79EFBC}") = "GreetingCard", "GrettingCard\GreetingCard.csproj", "{294FA467-861D-445A-B327-7F9A23C495E6}"
EndProject
Global
	GlobalSection(SolutionConfigurationPlatforms) = preSolution
		Debug|Any CPU = Debug|Any CPU
		Release|Any CPU = Release|Any CPU
	EndGlobalSection
	GlobalSection(ProjectConfigurationPlatforms) = postSolution
		{294FA467-861D-445A-B327-7F9A23C495E6}.Debug|Any CPU.ActiveCfg = Debug|Any CPU
		{294FA467-861D-445A-B327-7F9A23C495E6}.Debug|Any CPU.Build.0 = Debug|Any CPU
		{294FA467-861D-445A-B327-7F9A23C495E6}.Release|Any CPU.ActiveCfg = Release|Any CPU
		{294FA467-861D-445A-B327-7F9A23C495E6}.Release|Any CPU.Build.0 = Release|Any CPU
	EndGlobalSection
EndGlobal
